// !$*UTF8*$!
{
	archiveVersion = 1;
	classes = {
	};
	objectVersion = 50;
	objects = {

/* Begin PBXBuildFile section */
		20E4B3C32122AB9D00616430 /* AppDelegate.swift in Sources */ = {isa = PBXBuildFile; fileRef = 20E4B3C22122AB9D00616430 /* AppDelegate.swift */; };
		20E4B3C52122AB9D00616430 /* SignupController.swift in Sources */ = {isa = PBXBuildFile; fileRef = 20E4B3C42122AB9D00616430 /* SignupController.swift */; };
		20E4B3CA2122AB9F00616430 /* Assets.xcassets in Resources */ = {isa = PBXBuildFile; fileRef = 20E4B3C92122AB9F00616430 /* Assets.xcassets */; };
		20E4B3CD2122AB9F00616430 /* LaunchScreen.storyboard in Resources */ = {isa = PBXBuildFile; fileRef = 20E4B3CB2122AB9F00616430 /* LaunchScreen.storyboard */; };
		20E4B3D62122BAB900616430 /* Extensions.swift in Sources */ = {isa = PBXBuildFile; fileRef = 20E4B3D52122BAB900616430 /* Extensions.swift */; };
		20E4B3D82122C81D00616430 /* GoogleService-Info.plist in Resources */ = {isa = PBXBuildFile; fileRef = 20E4B3D72122C81D00616430 /* GoogleService-Info.plist */; };
		4808A92C2183BB15009E3DBA /* PhotoPreviewContainer.swift in Sources */ = {isa = PBXBuildFile; fileRef = 4808A92B2183BB15009E3DBA /* PhotoPreviewContainer.swift */; };
		4808A92E21840744009E3DBA /* PresentCameraAnimation.swift in Sources */ = {isa = PBXBuildFile; fileRef = 4808A92D21840744009E3DBA /* PresentCameraAnimation.swift */; };
		4808A93021840F51009E3DBA /* DismissCameraAnimation.swift in Sources */ = {isa = PBXBuildFile; fileRef = 4808A92F21840F51009E3DBA /* DismissCameraAnimation.swift */; };
		480C38742132CF0E002D9570 /* PhotoSelectorController.swift in Sources */ = {isa = PBXBuildFile; fileRef = 480C38732132CF0E002D9570 /* PhotoSelectorController.swift */; };
		480C38762132ED1D002D9570 /* PhotoSelectorHeader.swift in Sources */ = {isa = PBXBuildFile; fileRef = 480C38752132ED1D002D9570 /* PhotoSelectorHeader.swift */; };
		480C387821330147002D9570 /* PhotoSelectorCell.swift in Sources */ = {isa = PBXBuildFile; fileRef = 480C387721330147002D9570 /* PhotoSelectorCell.swift */; };
		48142647212B1E0300DE2EA6 /* MainTabBarController.swift in Sources */ = {isa = PBXBuildFile; fileRef = 48142646212B1E0300DE2EA6 /* MainTabBarController.swift */; };
		48142649212B1F6000DE2EA6 /* ProfileController.swift in Sources */ = {isa = PBXBuildFile; fileRef = 48142648212B1F6000DE2EA6 /* ProfileController.swift */; };
		481660632177DFCA00C27079 /* HomeController.swift in Sources */ = {isa = PBXBuildFile; fileRef = 481660622177DFCA00C27079 /* HomeController.swift */; };
		481660652177E36F00C27079 /* HomePostCell.swift in Sources */ = {isa = PBXBuildFile; fileRef = 481660642177E36F00C27079 /* HomePostCell.swift */; };
		483D02542136A1DD008C8C48 /* Post.swift in Sources */ = {isa = PBXBuildFile; fileRef = 483D02532136A1DD008C8C48 /* Post.swift */; };
		483D02562136A751008C8C48 /* ProfileCell.swift in Sources */ = {isa = PBXBuildFile; fileRef = 483D02552136A751008C8C48 /* ProfileCell.swift */; };
		4847267B2180FF0400FCCCC5 /* SearchController.swift in Sources */ = {isa = PBXBuildFile; fileRef = 4847267A2180FF0400FCCCC5 /* SearchController.swift */; };
		4847267D2181229B00FCCCC5 /* SearchCell.swift in Sources */ = {isa = PBXBuildFile; fileRef = 4847267C2181229B00FCCCC5 /* SearchCell.swift */; };
		484726802182433600FCCCC5 /* CameraController.swift in Sources */ = {isa = PBXBuildFile; fileRef = 4847267F2182433600FCCCC5 /* CameraController.swift */; };
		4885BF66213182D800B94ACF /* LoginController.swift in Sources */ = {isa = PBXBuildFile; fileRef = 4885BF65213182D800B94ACF /* LoginController.swift */; };
		4897D7832177968B002FAD7E /* CustomImageView.swift in Sources */ = {isa = PBXBuildFile; fileRef = 4897D7822177968B002FAD7E /* CustomImageView.swift */; };
		48A5E70721848BB300F8B24F /* CommentsController.swift in Sources */ = {isa = PBXBuildFile; fileRef = 48A5E70621848BB300F8B24F /* CommentsController.swift */; };
		48DA4DEF2135C96000CCE3E7 /* SharePhotoController.swift in Sources */ = {isa = PBXBuildFile; fileRef = 48DA4DEE2135C96000CCE3E7 /* SharePhotoController.swift */; };
		48F1AEB8212BC51700FC375C /* ProfileHeader.swift in Sources */ = {isa = PBXBuildFile; fileRef = 48F1AEB7212BC51700FC375C /* ProfileHeader.swift */; };
		48F1AEBB212BD0FF00FC375C /* User.swift in Sources */ = {isa = PBXBuildFile; fileRef = 48F1AEBA212BD0FF00FC375C /* User.swift */; };
		90B5D4D1EDA797DA2288E448 /* Pods_instaclone.framework in Frameworks */ = {isa = PBXBuildFile; fileRef = D1344AB6DA6A92E0E861A9D0 /* Pods_instaclone.framework */; };
/* End PBXBuildFile section */

/* Begin PBXFileReference section */
		1F5687832F0B10D22BAEA708 /* Pods-instaclone.release.xcconfig */ = {isa = PBXFileReference; includeInIndex = 1; lastKnownFileType = text.xcconfig; name = "Pods-instaclone.release.xcconfig"; path = "Pods/Target Support Files/Pods-instaclone/Pods-instaclone.release.xcconfig"; sourceTree = "<group>"; };
		20E4B3BF2122AB9D00616430 /* instaclone.app */ = {isa = PBXFileReference; explicitFileType = wrapper.application; includeInIndex = 0; path = instaclone.app; sourceTree = BUILT_PRODUCTS_DIR; };
		20E4B3C22122AB9D00616430 /* AppDelegate.swift */ = {isa = PBXFileReference; lastKnownFileType = sourcecode.swift; path = AppDelegate.swift; sourceTree = "<group>"; };
		20E4B3C42122AB9D00616430 /* SignupController.swift */ = {isa = PBXFileReference; lastKnownFileType = sourcecode.swift; path = SignupController.swift; sourceTree = "<group>"; };
		20E4B3C92122AB9F00616430 /* Assets.xcassets */ = {isa = PBXFileReference; lastKnownFileType = folder.assetcatalog; path = Assets.xcassets; sourceTree = "<group>"; };
		20E4B3CC2122AB9F00616430 /* Base */ = {isa = PBXFileReference; lastKnownFileType = file.storyboard; name = Base; path = Base.lproj/LaunchScreen.storyboard; sourceTree = "<group>"; };
		20E4B3CE2122AB9F00616430 /* Info.plist */ = {isa = PBXFileReference; lastKnownFileType = text.plist.xml; path = Info.plist; sourceTree = "<group>"; };
		20E4B3D52122BAB900616430 /* Extensions.swift */ = {isa = PBXFileReference; lastKnownFileType = sourcecode.swift; path = Extensions.swift; sourceTree = "<group>"; };
		20E4B3D72122C81D00616430 /* GoogleService-Info.plist */ = {isa = PBXFileReference; fileEncoding = 4; lastKnownFileType = text.plist.xml; path = "GoogleService-Info.plist"; sourceTree = "<group>"; };
		4808A92B2183BB15009E3DBA /* PhotoPreviewContainer.swift */ = {isa = PBXFileReference; lastKnownFileType = sourcecode.swift; path = PhotoPreviewContainer.swift; sourceTree = "<group>"; };
		4808A92D21840744009E3DBA /* PresentCameraAnimation.swift */ = {isa = PBXFileReference; lastKnownFileType = sourcecode.swift; path = PresentCameraAnimation.swift; sourceTree = "<group>"; };
		4808A92F21840F51009E3DBA /* DismissCameraAnimation.swift */ = {isa = PBXFileReference; lastKnownFileType = sourcecode.swift; path = DismissCameraAnimation.swift; sourceTree = "<group>"; };
		480C38732132CF0E002D9570 /* PhotoSelectorController.swift */ = {isa = PBXFileReference; lastKnownFileType = sourcecode.swift; path = PhotoSelectorController.swift; sourceTree = "<group>"; };
		480C38752132ED1D002D9570 /* PhotoSelectorHeader.swift */ = {isa = PBXFileReference; lastKnownFileType = sourcecode.swift; path = PhotoSelectorHeader.swift; sourceTree = "<group>"; };
		480C387721330147002D9570 /* PhotoSelectorCell.swift */ = {isa = PBXFileReference; lastKnownFileType = sourcecode.swift; path = PhotoSelectorCell.swift; sourceTree = "<group>"; };
		48142646212B1E0300DE2EA6 /* MainTabBarController.swift */ = {isa = PBXFileReference; lastKnownFileType = sourcecode.swift; path = MainTabBarController.swift; sourceTree = "<group>"; };
		48142648212B1F6000DE2EA6 /* ProfileController.swift */ = {isa = PBXFileReference; lastKnownFileType = sourcecode.swift; path = ProfileController.swift; sourceTree = "<group>"; };
		481660622177DFCA00C27079 /* HomeController.swift */ = {isa = PBXFileReference; lastKnownFileType = sourcecode.swift; path = HomeController.swift; sourceTree = "<group>"; };
		481660642177E36F00C27079 /* HomePostCell.swift */ = {isa = PBXFileReference; lastKnownFileType = sourcecode.swift; path = HomePostCell.swift; sourceTree = "<group>"; };
		483D02532136A1DD008C8C48 /* Post.swift */ = {isa = PBXFileReference; lastKnownFileType = sourcecode.swift; path = Post.swift; sourceTree = "<group>"; };
		483D02552136A751008C8C48 /* ProfileCell.swift */ = {isa = PBXFileReference; lastKnownFileType = sourcecode.swift; path = ProfileCell.swift; sourceTree = "<group>"; };
		4847267A2180FF0400FCCCC5 /* SearchController.swift */ = {isa = PBXFileReference; lastKnownFileType = sourcecode.swift; path = SearchController.swift; sourceTree = "<group>"; };
		4847267C2181229B00FCCCC5 /* SearchCell.swift */ = {isa = PBXFileReference; lastKnownFileType = sourcecode.swift; path = SearchCell.swift; sourceTree = "<group>"; };
		4847267F2182433600FCCCC5 /* CameraController.swift */ = {isa = PBXFileReference; lastKnownFileType = sourcecode.swift; path = CameraController.swift; sourceTree = "<group>"; };
		4885BF65213182D800B94ACF /* LoginController.swift */ = {isa = PBXFileReference; lastKnownFileType = sourcecode.swift; path = LoginController.swift; sourceTree = "<group>"; };
		4897D7822177968B002FAD7E /* CustomImageView.swift */ = {isa = PBXFileReference; lastKnownFileType = sourcecode.swift; path = CustomImageView.swift; sourceTree = "<group>"; };
		48A5E70621848BB300F8B24F /* CommentsController.swift */ = {isa = PBXFileReference; lastKnownFileType = sourcecode.swift; path = CommentsController.swift; sourceTree = "<group>"; };
		48DA4DEE2135C96000CCE3E7 /* SharePhotoController.swift */ = {isa = PBXFileReference; lastKnownFileType = sourcecode.swift; path = SharePhotoController.swift; sourceTree = "<group>"; };
		48F1AEB7212BC51700FC375C /* ProfileHeader.swift */ = {isa = PBXFileReference; lastKnownFileType = sourcecode.swift; path = ProfileHeader.swift; sourceTree = "<group>"; };
		48F1AEBA212BD0FF00FC375C /* User.swift */ = {isa = PBXFileReference; lastKnownFileType = sourcecode.swift; path = User.swift; sourceTree = "<group>"; };
		C3AE94C3FAF72A84EF1C86FB /* Pods-instaclone.debug.xcconfig */ = {isa = PBXFileReference; includeInIndex = 1; lastKnownFileType = text.xcconfig; name = "Pods-instaclone.debug.xcconfig"; path = "Pods/Target Support Files/Pods-instaclone/Pods-instaclone.debug.xcconfig"; sourceTree = "<group>"; };
		D1344AB6DA6A92E0E861A9D0 /* Pods_instaclone.framework */ = {isa = PBXFileReference; explicitFileType = wrapper.framework; includeInIndex = 0; path = Pods_instaclone.framework; sourceTree = BUILT_PRODUCTS_DIR; };
/* End PBXFileReference section */

/* Begin PBXFrameworksBuildPhase section */
		20E4B3BC2122AB9D00616430 /* Frameworks */ = {
			isa = PBXFrameworksBuildPhase;
			buildActionMask = 2147483647;
			files = (
				90B5D4D1EDA797DA2288E448 /* Pods_instaclone.framework in Frameworks */,
			);
			runOnlyForDeploymentPostprocessing = 0;
		};
/* End PBXFrameworksBuildPhase section */

/* Begin PBXGroup section */
		20E4B3B62122AB9D00616430 = {
			isa = PBXGroup;
			children = (
				20E4B3C12122AB9D00616430 /* instaclone */,
				20E4B3C02122AB9D00616430 /* Products */,
				548EDB2115692CAD2A424D47 /* Pods */,
				D15B26EEC0E48303843FA476 /* Frameworks */,
			);
			sourceTree = "<group>";
		};
		20E4B3C02122AB9D00616430 /* Products */ = {
			isa = PBXGroup;
			children = (
				20E4B3BF2122AB9D00616430 /* instaclone.app */,
			);
			name = Products;
			sourceTree = "<group>";
		};
		20E4B3C12122AB9D00616430 /* instaclone */ = {
			isa = PBXGroup;
			children = (
				4885BF64213182C100B94ACF /* Auth */,
				4847267E2182432500FCCCC5 /* Camera */,
				481660612177DFB500C27079 /* Home */,
				484726792180FEDF00FCCCC5 /* Search */,
				480C38722132CEE6002D9570 /* PhotoSelector */,
				48F1AEB5212BC4E900FC375C /* Profile */,
				48F1AEB9212BD0E200FC375C /* Models */,
				20E4B3D42122BA8C00616430 /* Utilities */,
				48B1EC902131908D00258340 /* Supporting Files */,
				48142646212B1E0300DE2EA6 /* MainTabBarController.swift */,
			);
			path = instaclone;
			sourceTree = "<group>";
		};
		20E4B3D42122BA8C00616430 /* Utilities */ = {
			isa = PBXGroup;
			children = (
				20E4B3D52122BAB900616430 /* Extensions.swift */,
				4897D7822177968B002FAD7E /* CustomImageView.swift */,
			);
			path = Utilities;
			sourceTree = "<group>";
		};
		480C38722132CEE6002D9570 /* PhotoSelector */ = {
			isa = PBXGroup;
			children = (
				480C38752132ED1D002D9570 /* PhotoSelectorHeader.swift */,
				480C387721330147002D9570 /* PhotoSelectorCell.swift */,
				480C38732132CF0E002D9570 /* PhotoSelectorController.swift */,
				48DA4DEE2135C96000CCE3E7 /* SharePhotoController.swift */,
			);
			path = PhotoSelector;
			sourceTree = "<group>";
		};
		481660612177DFB500C27079 /* Home */ = {
			isa = PBXGroup;
			children = (
				481660622177DFCA00C27079 /* HomeController.swift */,
				481660642177E36F00C27079 /* HomePostCell.swift */,
				48A5E70621848BB300F8B24F /* CommentsController.swift */,
			);
			path = Home;
			sourceTree = "<group>";
		};
		484726792180FEDF00FCCCC5 /* Search */ = {
			isa = PBXGroup;
			children = (
				4847267A2180FF0400FCCCC5 /* SearchController.swift */,
				4847267C2181229B00FCCCC5 /* SearchCell.swift */,
			);
			path = Search;
			sourceTree = "<group>";
		};
		4847267E2182432500FCCCC5 /* Camera */ = {
			isa = PBXGroup;
			children = (
				4847267F2182433600FCCCC5 /* CameraController.swift */,
				4808A92B2183BB15009E3DBA /* PhotoPreviewContainer.swift */,
				4808A92D21840744009E3DBA /* PresentCameraAnimation.swift */,
				4808A92F21840F51009E3DBA /* DismissCameraAnimation.swift */,
			);
			path = Camera;
			sourceTree = "<group>";
		};
		4885BF64213182C100B94ACF /* Auth */ = {
			isa = PBXGroup;
			children = (
				4885BF65213182D800B94ACF /* LoginController.swift */,
				20E4B3C42122AB9D00616430 /* SignupController.swift */,
			);
			path = Auth;
			sourceTree = "<group>";
		};
		48B1EC902131908D00258340 /* Supporting Files */ = {
			isa = PBXGroup;
			children = (
				20E4B3C22122AB9D00616430 /* AppDelegate.swift */,
				20E4B3C92122AB9F00616430 /* Assets.xcassets */,
				20E4B3CB2122AB9F00616430 /* LaunchScreen.storyboard */,
				20E4B3CE2122AB9F00616430 /* Info.plist */,
				20E4B3D72122C81D00616430 /* GoogleService-Info.plist */,
			);
			path = "Supporting Files";
			sourceTree = "<group>";
		};
		48F1AEB5212BC4E900FC375C /* Profile */ = {
			isa = PBXGroup;
			children = (
				48F1AEB7212BC51700FC375C /* ProfileHeader.swift */,
				483D02552136A751008C8C48 /* ProfileCell.swift */,
				48142648212B1F6000DE2EA6 /* ProfileController.swift */,
			);
			path = Profile;
			sourceTree = "<group>";
		};
		48F1AEB9212BD0E200FC375C /* Models */ = {
			isa = PBXGroup;
			children = (
				48F1AEBA212BD0FF00FC375C /* User.swift */,
				483D02532136A1DD008C8C48 /* Post.swift */,
			);
			path = Models;
			sourceTree = "<group>";
		};
		548EDB2115692CAD2A424D47 /* Pods */ = {
			isa = PBXGroup;
			children = (
				C3AE94C3FAF72A84EF1C86FB /* Pods-instaclone.debug.xcconfig */,
				1F5687832F0B10D22BAEA708 /* Pods-instaclone.release.xcconfig */,
			);
			name = Pods;
			sourceTree = "<group>";
		};
		D15B26EEC0E48303843FA476 /* Frameworks */ = {
			isa = PBXGroup;
			children = (
				D1344AB6DA6A92E0E861A9D0 /* Pods_instaclone.framework */,
			);
			name = Frameworks;
			sourceTree = "<group>";
		};
/* End PBXGroup section */

/* Begin PBXNativeTarget section */
		20E4B3BE2122AB9D00616430 /* instaclone */ = {
			isa = PBXNativeTarget;
			buildConfigurationList = 20E4B3D12122AB9F00616430 /* Build configuration list for PBXNativeTarget "instaclone" */;
			buildPhases = (
				FA1973692D8570960E355BBD /* [CP] Check Pods Manifest.lock */,
				20E4B3BB2122AB9D00616430 /* Sources */,
				20E4B3BC2122AB9D00616430 /* Frameworks */,
				20E4B3BD2122AB9D00616430 /* Resources */,
				2716E75824192F7BA88F1267 /* [CP] Embed Pods Frameworks */,
			);
			buildRules = (
			);
			dependencies = (
			);
			name = instaclone;
			productName = instaclone;
			productReference = 20E4B3BF2122AB9D00616430 /* instaclone.app */;
			productType = "com.apple.product-type.application";
		};
/* End PBXNativeTarget section */

/* Begin PBXProject section */
		20E4B3B72122AB9D00616430 /* Project object */ = {
			isa = PBXProject;
			attributes = {
				LastSwiftUpdateCheck = 0940;
				LastUpgradeCheck = 0940;
				ORGANIZATIONNAME = "Nathaniel Brion Sison";
				TargetAttributes = {
					20E4B3BE2122AB9D00616430 = {
						CreatedOnToolsVersion = 9.4.1;
					};
				};
			};
			buildConfigurationList = 20E4B3BA2122AB9D00616430 /* Build configuration list for PBXProject "instaclone" */;
			compatibilityVersion = "Xcode 9.3";
			developmentRegion = en;
			hasScannedForEncodings = 0;
			knownRegions = (
				en,
				Base,
			);
			mainGroup = 20E4B3B62122AB9D00616430;
			productRefGroup = 20E4B3C02122AB9D00616430 /* Products */;
			projectDirPath = "";
			projectRoot = "";
			targets = (
				20E4B3BE2122AB9D00616430 /* instaclone */,
			);
		};
/* End PBXProject section */

/* Begin PBXResourcesBuildPhase section */
		20E4B3BD2122AB9D00616430 /* Resources */ = {
			isa = PBXResourcesBuildPhase;
			buildActionMask = 2147483647;
			files = (
				20E4B3CD2122AB9F00616430 /* LaunchScreen.storyboard in Resources */,
				20E4B3CA2122AB9F00616430 /* Assets.xcassets in Resources */,
				20E4B3D82122C81D00616430 /* GoogleService-Info.plist in Resources */,
			);
			runOnlyForDeploymentPostprocessing = 0;
		};
/* End PBXResourcesBuildPhase section */

/* Begin PBXShellScriptBuildPhase section */
		2716E75824192F7BA88F1267 /* [CP] Embed Pods Frameworks */ = {
			isa = PBXShellScriptBuildPhase;
			buildActionMask = 2147483647;
			files = (
			);
			inputPaths = (
				"${SRCROOT}/Pods/Target Support Files/Pods-instaclone/Pods-instaclone-frameworks.sh",
				"${BUILT_PRODUCTS_DIR}/GTMSessionFetcher/GTMSessionFetcher.framework",
				"${BUILT_PRODUCTS_DIR}/GoogleToolboxForMac/GoogleToolboxForMac.framework",
				"${BUILT_PRODUCTS_DIR}/leveldb-library/leveldb.framework",
				"${BUILT_PRODUCTS_DIR}/nanopb/nanopb.framework",
			);
			name = "[CP] Embed Pods Frameworks";
			outputPaths = (
				"${TARGET_BUILD_DIR}/${FRAMEWORKS_FOLDER_PATH}/GTMSessionFetcher.framework",
				"${TARGET_BUILD_DIR}/${FRAMEWORKS_FOLDER_PATH}/GoogleToolboxForMac.framework",
				"${TARGET_BUILD_DIR}/${FRAMEWORKS_FOLDER_PATH}/leveldb.framework",
				"${TARGET_BUILD_DIR}/${FRAMEWORKS_FOLDER_PATH}/nanopb.framework",
			);
			runOnlyForDeploymentPostprocessing = 0;
			shellPath = /bin/sh;
			shellScript = "\"${SRCROOT}/Pods/Target Support Files/Pods-instaclone/Pods-instaclone-frameworks.sh\"\n";
			showEnvVarsInLog = 0;
		};
		FA1973692D8570960E355BBD /* [CP] Check Pods Manifest.lock */ = {
			isa = PBXShellScriptBuildPhase;
			buildActionMask = 2147483647;
			files = (
			);
			inputPaths = (
				"${PODS_PODFILE_DIR_PATH}/Podfile.lock",
				"${PODS_ROOT}/Manifest.lock",
			);
			name = "[CP] Check Pods Manifest.lock";
			outputPaths = (
				"$(DERIVED_FILE_DIR)/Pods-instaclone-checkManifestLockResult.txt",
			);
			runOnlyForDeploymentPostprocessing = 0;
			shellPath = /bin/sh;
			shellScript = "diff \"${PODS_PODFILE_DIR_PATH}/Podfile.lock\" \"${PODS_ROOT}/Manifest.lock\" > /dev/null\nif [ $? != 0 ] ; then\n    # print error to STDERR\n    echo \"error: The sandbox is not in sync with the Podfile.lock. Run 'pod install' or update your CocoaPods installation.\" >&2\n    exit 1\nfi\n# This output is used by Xcode 'outputs' to avoid re-running this script phase.\necho \"SUCCESS\" > \"${SCRIPT_OUTPUT_FILE_0}\"\n";
			showEnvVarsInLog = 0;
		};
/* End PBXShellScriptBuildPhase section */

/* Begin PBXSourcesBuildPhase section */
		20E4B3BB2122AB9D00616430 /* Sources */ = {
			isa = PBXSourcesBuildPhase;
			buildActionMask = 2147483647;
			files = (
				480C387821330147002D9570 /* PhotoSelectorCell.swift in Sources */,
				4808A93021840F51009E3DBA /* DismissCameraAnimation.swift in Sources */,
				481660652177E36F00C27079 /* HomePostCell.swift in Sources */,
				48142649212B1F6000DE2EA6 /* ProfileController.swift in Sources */,
				20E4B3C52122AB9D00616430 /* SignupController.swift in Sources */,
				48A5E70721848BB300F8B24F /* CommentsController.swift in Sources */,
				4847267D2181229B00FCCCC5 /* SearchCell.swift in Sources */,
				48F1AEB8212BC51700FC375C /* ProfileHeader.swift in Sources */,
				4897D7832177968B002FAD7E /* CustomImageView.swift in Sources */,
				483D02542136A1DD008C8C48 /* Post.swift in Sources */,
				4808A92E21840744009E3DBA /* PresentCameraAnimation.swift in Sources */,
				4808A92C2183BB15009E3DBA /* PhotoPreviewContainer.swift in Sources */,
				4847267B2180FF0400FCCCC5 /* SearchController.swift in Sources */,
				480C38742132CF0E002D9570 /* PhotoSelectorController.swift in Sources */,
				20E4B3D62122BAB900616430 /* Extensions.swift in Sources */,
				48DA4DEF2135C96000CCE3E7 /* SharePhotoController.swift in Sources */,
				48142647212B1E0300DE2EA6 /* MainTabBarController.swift in Sources */,
				4885BF66213182D800B94ACF /* LoginController.swift in Sources */,
				484726802182433600FCCCC5 /* CameraController.swift in Sources */,
				20E4B3C32122AB9D00616430 /* AppDelegate.swift in Sources */,
				481660632177DFCA00C27079 /* HomeController.swift in Sources */,
				480C38762132ED1D002D9570 /* PhotoSelectorHeader.swift in Sources */,
				48F1AEBB212BD0FF00FC375C /* User.swift in Sources */,
				483D02562136A751008C8C48 /* ProfileCell.swift in Sources */,
			);
			runOnlyForDeploymentPostprocessing = 0;
		};
/* End PBXSourcesBuildPhase section */

/* Begin PBXVariantGroup section */
		20E4B3CB2122AB9F00616430 /* LaunchScreen.storyboard */ = {
			isa = PBXVariantGroup;
			children = (
				20E4B3CC2122AB9F00616430 /* Base */,
			);
			name = LaunchScreen.storyboard;
			sourceTree = "<group>";
		};
/* End PBXVariantGroup section */

/* Begin XCBuildConfiguration section */
		20E4B3CF2122AB9F00616430 /* Debug */ = {
			isa = XCBuildConfiguration;
			buildSettings = {
				ALWAYS_SEARCH_USER_PATHS = NO;
				CLANG_ANALYZER_NONNULL = YES;
				CLANG_ANALYZER_NUMBER_OBJECT_CONVERSION = YES_AGGRESSIVE;
				CLANG_CXX_LANGUAGE_STANDARD = "gnu++14";
				CLANG_CXX_LIBRARY = "libc++";
				CLANG_ENABLE_MODULES = YES;
				CLANG_ENABLE_OBJC_ARC = YES;
				CLANG_ENABLE_OBJC_WEAK = YES;
				CLANG_WARN_BLOCK_CAPTURE_AUTORELEASING = YES;
				CLANG_WARN_BOOL_CONVERSION = YES;
				CLANG_WARN_COMMA = YES;
				CLANG_WARN_CONSTANT_CONVERSION = YES;
				CLANG_WARN_DEPRECATED_OBJC_IMPLEMENTATIONS = YES;
				CLANG_WARN_DIRECT_OBJC_ISA_USAGE = YES_ERROR;
				CLANG_WARN_DOCUMENTATION_COMMENTS = YES;
				CLANG_WARN_EMPTY_BODY = YES;
				CLANG_WARN_ENUM_CONVERSION = YES;
				CLANG_WARN_INFINITE_RECURSION = YES;
				CLANG_WARN_INT_CONVERSION = YES;
				CLANG_WARN_NON_LITERAL_NULL_CONVERSION = YES;
				CLANG_WARN_OBJC_IMPLICIT_RETAIN_SELF = YES;
				CLANG_WARN_OBJC_LITERAL_CONVERSION = YES;
				CLANG_WARN_OBJC_ROOT_CLASS = YES_ERROR;
				CLANG_WARN_RANGE_LOOP_ANALYSIS = YES;
				CLANG_WARN_STRICT_PROTOTYPES = YES;
				CLANG_WARN_SUSPICIOUS_MOVE = YES;
				CLANG_WARN_UNGUARDED_AVAILABILITY = YES_AGGRESSIVE;
				CLANG_WARN_UNREACHABLE_CODE = YES;
				CLANG_WARN__DUPLICATE_METHOD_MATCH = YES;
				CODE_SIGN_IDENTITY = "iPhone Developer";
				COPY_PHASE_STRIP = NO;
				DEBUG_INFORMATION_FORMAT = dwarf;
				ENABLE_STRICT_OBJC_MSGSEND = YES;
				ENABLE_TESTABILITY = YES;
				GCC_C_LANGUAGE_STANDARD = gnu11;
				GCC_DYNAMIC_NO_PIC = NO;
				GCC_NO_COMMON_BLOCKS = YES;
				GCC_OPTIMIZATION_LEVEL = 0;
				GCC_PREPROCESSOR_DEFINITIONS = (
					"DEBUG=1",
					"$(inherited)",
				);
				GCC_WARN_64_TO_32_BIT_CONVERSION = YES;
				GCC_WARN_ABOUT_RETURN_TYPE = YES_ERROR;
				GCC_WARN_UNDECLARED_SELECTOR = YES;
				GCC_WARN_UNINITIALIZED_AUTOS = YES_AGGRESSIVE;
				GCC_WARN_UNUSED_FUNCTION = YES;
				GCC_WARN_UNUSED_VARIABLE = YES;
				IPHONEOS_DEPLOYMENT_TARGET = 11.4;
				MTL_ENABLE_DEBUG_INFO = YES;
				ONLY_ACTIVE_ARCH = YES;
				SDKROOT = iphoneos;
				SWIFT_ACTIVE_COMPILATION_CONDITIONS = DEBUG;
				SWIFT_OPTIMIZATION_LEVEL = "-Onone";
			};
			name = Debug;
		};
		20E4B3D02122AB9F00616430 /* Release */ = {
			isa = XCBuildConfiguration;
			buildSettings = {
				ALWAYS_SEARCH_USER_PATHS = NO;
				CLANG_ANALYZER_NONNULL = YES;
				CLANG_ANALYZER_NUMBER_OBJECT_CONVERSION = YES_AGGRESSIVE;
				CLANG_CXX_LANGUAGE_STANDARD = "gnu++14";
				CLANG_CXX_LIBRARY = "libc++";
				CLANG_ENABLE_MODULES = YES;
				CLANG_ENABLE_OBJC_ARC = YES;
				CLANG_ENABLE_OBJC_WEAK = YES;
				CLANG_WARN_BLOCK_CAPTURE_AUTORELEASING = YES;
				CLANG_WARN_BOOL_CONVERSION = YES;
				CLANG_WARN_COMMA = YES;
				CLANG_WARN_CONSTANT_CONVERSION = YES;
				CLANG_WARN_DEPRECATED_OBJC_IMPLEMENTATIONS = YES;
				CLANG_WARN_DIRECT_OBJC_ISA_USAGE = YES_ERROR;
				CLANG_WARN_DOCUMENTATION_COMMENTS = YES;
				CLANG_WARN_EMPTY_BODY = YES;
				CLANG_WARN_ENUM_CONVERSION = YES;
				CLANG_WARN_INFINITE_RECURSION = YES;
				CLANG_WARN_INT_CONVERSION = YES;
				CLANG_WARN_NON_LITERAL_NULL_CONVERSION = YES;
				CLANG_WARN_OBJC_IMPLICIT_RETAIN_SELF = YES;
				CLANG_WARN_OBJC_LITERAL_CONVERSION = YES;
				CLANG_WARN_OBJC_ROOT_CLASS = YES_ERROR;
				CLANG_WARN_RANGE_LOOP_ANALYSIS = YES;
				CLANG_WARN_STRICT_PROTOTYPES = YES;
				CLANG_WARN_SUSPICIOUS_MOVE = YES;
				CLANG_WARN_UNGUARDED_AVAILABILITY = YES_AGGRESSIVE;
				CLANG_WARN_UNREACHABLE_CODE = YES;
				CLANG_WARN__DUPLICATE_METHOD_MATCH = YES;
				CODE_SIGN_IDENTITY = "iPhone Developer";
				COPY_PHASE_STRIP = NO;
				DEBUG_INFORMATION_FORMAT = "dwarf-with-dsym";
				ENABLE_NS_ASSERTIONS = NO;
				ENABLE_STRICT_OBJC_MSGSEND = YES;
				GCC_C_LANGUAGE_STANDARD = gnu11;
				GCC_NO_COMMON_BLOCKS = YES;
				GCC_WARN_64_TO_32_BIT_CONVERSION = YES;
				GCC_WARN_ABOUT_RETURN_TYPE = YES_ERROR;
				GCC_WARN_UNDECLARED_SELECTOR = YES;
				GCC_WARN_UNINITIALIZED_AUTOS = YES_AGGRESSIVE;
				GCC_WARN_UNUSED_FUNCTION = YES;
				GCC_WARN_UNUSED_VARIABLE = YES;
				IPHONEOS_DEPLOYMENT_TARGET = 11.4;
				MTL_ENABLE_DEBUG_INFO = NO;
				SDKROOT = iphoneos;
				SWIFT_COMPILATION_MODE = wholemodule;
				SWIFT_OPTIMIZATION_LEVEL = "-O";
				VALIDATE_PRODUCT = YES;
			};
			name = Release;
		};
		20E4B3D22122AB9F00616430 /* Debug */ = {
			isa = XCBuildConfiguration;
			baseConfigurationReference = C3AE94C3FAF72A84EF1C86FB /* Pods-instaclone.debug.xcconfig */;
			buildSettings = {
				ASSETCATALOG_COMPILER_APPICON_NAME = AppIcon;
				CODE_SIGN_STYLE = Automatic;
				DEVELOPMENT_TEAM = KMTXVH4GTQ;
				INFOPLIST_FILE = "$(SRCROOT)/instaclone/Supporting Files/Info.plist";
				LD_RUNPATH_SEARCH_PATHS = (
					"$(inherited)",
					"@executable_path/Frameworks",
				);
				PRODUCT_BUNDLE_IDENTIFIER = com.ngsison.instaclone;
				PRODUCT_NAME = "$(TARGET_NAME)";
				SWIFT_VERSION = 4.0;
				TARGETED_DEVICE_FAMILY = "1,2";
			};
			name = Debug;
		};
		20E4B3D32122AB9F00616430 /* Release */ = {
			isa = XCBuildConfiguration;
			baseConfigurationReference = 1F5687832F0B10D22BAEA708 /* Pods-instaclone.release.xcconfig */;
			buildSettings = {
				ASSETCATALOG_COMPILER_APPICON_NAME = AppIcon;
				CODE_SIGN_STYLE = Automatic;
				DEVELOPMENT_TEAM = KMTXVH4GTQ;
				INFOPLIST_FILE = "$(SRCROOT)/instaclone/Supporting Files/Info.plist";
				LD_RUNPATH_SEARCH_PATHS = (
					"$(inherited)",
					"@executable_path/Frameworks",
				);
				PRODUCT_BUNDLE_IDENTIFIER = com.ngsison.instaclone;
				PRODUCT_NAME = "$(TARGET_NAME)";
				SWIFT_VERSION = 4.0;
				TARGETED_DEVICE_FAMILY = "1,2";
			};
			name = Release;
		};
/* End XCBuildConfiguration section */

/* Begin XCConfigurationList section */
		20E4B3BA2122AB9D00616430 /* Build configuration list for PBXProject "instaclone" */ = {
			isa = XCConfigurationList;
			buildConfigurations = (
				20E4B3CF2122AB9F00616430 /* Debug */,
				20E4B3D02122AB9F00616430 /* Release */,
			);
			defaultConfigurationIsVisible = 0;
			defaultConfigurationName = Release;
		};
		20E4B3D12122AB9F00616430 /* Build configuration list for PBXNativeTarget "instaclone" */ = {
			isa = XCConfigurationList;
			buildConfigurations = (
				20E4B3D22122AB9F00616430 /* Debug */,
				20E4B3D32122AB9F00616430 /* Release */,
			);
			defaultConfigurationIsVisible = 0;
			defaultConfigurationName = Release;
		};
/* End XCConfigurationList section */
	};
	rootObject = 20E4B3B72122AB9D00616430 /* Project object */;
}
